Microsoft Visual Studio Solution File, Format Version 12.00
# Visual Studio Version 17
VisualStudioVersion = 17.14.36202.13
MinimumVisualStudioVersion = 10.0.40219.1
Project("{FAE04EC0-301F-11D3-BF4B-00C04F79EFBC}") = "DurableMultiAgentWorkflowSample.AppHost", "DurableMultiAgentWorkflowSample.AppHost\DurableMultiAgentWorkflowSample.AppHost.csproj", "{52E97B3F-B594-42B0-B18B-D0FDF1C64EA3}"
EndProject
Project("{FAE04EC0-301F-11D3-BF4B-00C04F79EFBC}") = "DurableMultiAgentWorkflowSample.ServiceDefaults", "DurableMultiAgentWorkflowSample.ServiceDefaults\DurableMultiAgentWorkflowSample.ServiceDefaults.csproj", "{41159E6C-E2AB-747E-6D99-19ED8BAE87DD}"
EndProject
Project("{FAE04EC0-301F-11D3-BF4B-00C04F79EFBC}") = "DurableMultiAgentWorkflowSample.Workflow", "DurableMultiAgentWorkflowSample.Workflow\DurableMultiAgentWorkflowSample.Workflow.csproj", "{F9401032-A120-DFBB-6745-890931AAAEB2}"
EndProject
Project("{FAE04EC0-301F-11D3-BF4B-00C04F79EFBC}") = "DurableMultiAgentWorkflowSample.WindowsClient", "DurableMultiAgentWorkflowSample.WindowsClient\DurableMultiAgentWorkflowSample.WindowsClient.csproj", "{8D3EC7BE-9CE9-4564-B0C8-41ED49F32A5C}"
EndProject
Project("{FAE04EC0-301F-11D3-BF4B-00C04F79EFBC}") = "DurableMultiAgentWorkflowSample.Common", "DurableMultiAgentWorkflowSample.Common\DurableMultiAgentWorkflowSample.Common.csproj", "{09ECD4EB-4C50-40BF-9A64-EA36C4BBACD1}"
EndProject
Project("{2150E333-8FDC-42A3-9474-1A3956D46DE8}") = "Aspire", "Aspire", "{DDB4EF12-CC4E-5E88-E6FC-71A802F4DE97}"
EndProject
Global
	GlobalSection(SolutionConfigurationPlatforms) = preSolution
		Debug|Any CPU = Debug|Any CPU
		Release|Any CPU = Release|Any CPU
	EndGlobalSection
	GlobalSection(ProjectConfigurationPlatforms) = postSolution
		{52E97B3F-B594-42B0-B18B-D0FDF1C64EA3}.Debug|Any CPU.ActiveCfg = Debug|Any CPU
		{52E97B3F-B594-42B0-B18B-D0FDF1C64EA3}.Debug|Any CPU.Build.0 = Debug|Any CPU
		{52E97B3F-B594-42B0-B18B-D0FDF1C64EA3}.Release|Any CPU.ActiveCfg = Release|Any CPU
		{52E97B3F-B594-42B0-B18B-D0FDF1C64EA3}.Release|Any CPU.Build.0 = Release|Any CPU
		{41159E6C-E2AB-747E-6D99-19ED8BAE87DD}.Debug|Any CPU.ActiveCfg = Debug|Any CPU
		{41159E6C-E2AB-747E-6D99-19ED8BAE87DD}.Debug|Any CPU.Build.0 = Debug|Any CPU
		{41159E6C-E2AB-747E-6D99-19ED8BAE87DD}.Release|Any CPU.ActiveCfg = Release|Any CPU
		{41159E6C-E2AB-747E-6D99-19ED8BAE87DD}.Release|Any CPU.Build.0 = Release|Any CPU
		{F9401032-A120-DFBB-6745-890931AAAEB2}.Debug|Any CPU.ActiveCfg = Debug|Any CPU
		{F9401032-A120-DFBB-6745-890931AAAEB2}.Debug|Any CPU.Build.0 = Debug|Any CPU
		{F9401032-A120-DFBB-6745-890931AAAEB2}.Release|Any CPU.ActiveCfg = Release|Any CPU
		{F9401032-A120-DFBB-6745-890931AAAEB2}.Release|Any CPU.Build.0 = Release|Any CPU
		{8D3EC7BE-9CE9-4564-B0C8-41ED49F32A5C}.Debug|Any CPU.ActiveCfg = Debug|Any CPU
		{8D3EC7BE-9CE9-4564-B0C8-41ED49F32A5C}.Debug|Any CPU.Build.0 = Debug|Any CPU
		{8D3EC7BE-9CE9-4564-B0C8-41ED49F32A5C}.Release|Any CPU.ActiveCfg = Release|Any CPU
		{8D3EC7BE-9CE9-4564-B0C8-41ED49F32A5C}.Release|Any CPU.Build.0 = Release|Any CPU
		{09ECD4EB-4C50-40BF-9A64-EA36C4BBACD1}.Debug|Any CPU.ActiveCfg = Debug|Any CPU
		{09ECD4EB-4C50-40BF-9A64-EA36C4BBACD1}.Debug|Any CPU.Build.0 = Debug|Any CPU
		{09ECD4EB-4C50-40BF-9A64-EA36C4BBACD1}.Release|Any CPU.ActiveCfg = Release|Any CPU
		{09ECD4EB-4C50-40BF-9A64-EA36C4BBACD1}.Release|Any CPU.Build.0 = Release|Any CPU
	EndGlobalSection
	GlobalSection(SolutionProperties) = preSolution
		HideSolutionNode = FALSE
	EndGlobalSection
	GlobalSection(NestedProjects) = preSolution
		{52E97B3F-B594-42B0-B18B-D0FDF1C64EA3} = {DDB4EF12-CC4E-5E88-E6FC-71A802F4DE97}
		{41159E6C-E2AB-747E-6D99-19ED8BAE87DD} = {DDB4EF12-CC4E-5E88-E6FC-71A802F4DE97}
	EndGlobalSection
	GlobalSection(ExtensibilityGlobals) = postSolution
		SolutionGuid = {C1ACD6D4-25AC-4376-ADCE-B8B9E155629A}
	EndGlobalSection
EndGlobal
